Microsoft Visual Studio Solution File, Format Version 12.00
# Visual Studio 17
Project("{FAE04EC0-301F-11D3-BF4B-00C04F79EFBC}") = "PgpVerifyHelper", "PgpVerifyHelper\PgpVerifyHelper.csproj", "{7A7C9D81-3F2B-4C5E-9F1A-2B3C4D5E6F71}"
EndProject
Global
	GlobalSection(SolutionConfigurationPlatforms) = preSolution
		Debug|AnyCPU = Debug|AnyCPU
		Release|AnyCPU = Release|AnyCPU
	EndGlobalSection
	GlobalSection(ProjectConfigurationPlatforms) = postSolution
		{7A7C9D81-3F2B-4C5E-9F1A-2B3C4D5E6F71}.Debug|AnyCPU.ActiveCfg = Debug|AnyCPU
		{7A7C9D81-3F2B-4C5E-9F1A-2B3C4D5E6F71}.Debug|AnyCPU.Build.0 = Debug|AnyCPU
		{7A7C9D81-3F2B-4C5E-9F1A-2B3C4D5E6F71}.Release|AnyCPU.ActiveCfg = Release|AnyCPU
		{7A7C9D81-3F2B-4C5E-9F1A-2B3C4D5E6F71}.Release|AnyCPU.Build.0 = Release|AnyCPU
	EndGlobalSection
	GlobalSection(SolutionProperties) = preSolution
		HideSolutionNode = FALSE
	EndGlobalSection
EndGlobal
