Microsoft Visual Studio Solution File, Format Version 12.00
# Visual Studio 17
Project("{FAE04EC0-301F-11D3-BF4B-00C04F79EFBC}") = "ScenarioRunner", "ScenarioRunner\ScenarioRunner.csproj", "{4B2D8E91-7C3A-4E8B-A123-D6B5E8F1A2C4}"
EndProject
Global
	GlobalSection(SolutionConfigurationPlatforms) = preSolution
		Debug|AnyCPU = Debug|AnyCPU
		Release|AnyCPU = Release|AnyCPU
	EndGlobalSection
	GlobalSection(ProjectConfigurationPlatforms) = postSolution
		{4B2D8E91-7C3A-4E8B-A123-D6B5E8F1A2C4}.Debug|AnyCPU.ActiveCfg = Debug|AnyCPU
		{4B2D8E91-7C3A-4E8B-A123-D6B5E8F1A2C4}.Debug|AnyCPU.Build.0 = Debug|AnyCPU
		{4B2D8E91-7C3A-4E8B-A123-D6B5E8F1A2C4}.Release|AnyCPU.ActiveCfg = Release|AnyCPU
		{4B2D8E91-7C3A-4E8B-A123-D6B5E8F1A2C4}.Release|AnyCPU.Build.0 = Release|AnyCPU
	EndGlobalSection
	GlobalSection(SolutionProperties) = preSolution
		HideSolutionNode = FALSE
	EndGlobalSection
EndGlobal
